{
  "name": "@streamscloud/streamscloud-api",
  "version": "1.7.0",
  "lockfileVersion": 1,
  "requires": true,
  "dependencies": {
    "@improved/node": {
      "version": "1.1.1",
      "resolved": "https://registry.npmjs.org/@improved/node/-/node-1.1.1.tgz",
      "integrity": "sha512-ePDxG9UuU9Kobk90ZUjtmDW8IT9U7aRb1/Rl9683MRNM+ur0ocHL2v7TPH2ajTiVSBUFbbeW8vKIt9jrb0JIAA==",
      "dev": true
    },
    "@types/node": {
      "version": "13.5.3",
      "resolved": "https://pkgs.dev.azure.com/communicatorcloud/CommunicatorCloud/_packaging/community.npm/npm/registry/@types/node/-/node-13.5.3.tgz",
      "integrity": "sha1-N/H1ObdTW5+073fVnbGEeoN7fxc=",
      "dev": true
    },
    "cac": {
      "version": "6.5.10",
      "resolved": "https://registry.npmjs.org/cac/-/cac-6.5.10.tgz",
      "integrity": "sha512-uxyxsID5p5kYlFFnhw86A4c8K5QTLRp6JM4AY2OtCq5lnnn4DGxV8YI1Z5rlt6KUjEKpA4qM+WZQshMoJY6dQQ==",
      "dev": true
    },
    "command-join": {
      "version": "3.0.0",
      "resolved": "https://registry.npmjs.org/command-join/-/command-join-3.0.0.tgz",
      "integrity": "sha512-areSrJRrc9cbaA+Hxhs+QP4y+lkWXClAyOmxd79NvGEqUw1uLLaMKa2Tmuc1AkaER9XzmGTzpFWzwucYottMKw==",
      "dev": true,
      "requires": {
        "@improved/node": "^1.0.0"
      }
    },
    "cross-spawn": {
      "version": "7.0.3",
      "resolved": "https://registry.npmjs.org/cross-spawn/-/cross-spawn-7.0.3.tgz",
      "integrity": "sha512-iRDPJKUPVEND7dHPO8rkbOnPpyDygcDFtWjpeWNCgy8WP2rXcxXL8TskReQl6OrB2G7+UJrags1q15Fudc7G6w==",
      "dev": true,
      "requires": {
        "path-key": "^3.1.0",
        "shebang-command": "^2.0.0",
        "which": "^2.0.1"
      }
    },
    "fs": {
      "version": "0.0.1-security",
      "resolved": "https://registry.npmjs.org/fs/-/fs-0.0.1-security.tgz",
      "integrity": "sha1-invTcYa23d84E/I4WLV+yq9eQdQ="
    },
    "isexe": {
      "version": "2.0.0",
      "resolved": "https://registry.npmjs.org/isexe/-/isexe-2.0.0.tgz",
      "integrity": "sha1-6PvzdNxVb/iUehDcsFctYz8s+hA=",
      "dev": true
    },
    "node-fetch": {
      "version": "2.6.1",
      "resolved": "https://registry.npmjs.org/node-fetch/-/node-fetch-2.6.1.tgz",
      "integrity": "sha512-V4aYg89jEoVRxRb2fJdAg8FHvI7cEyYdVAh94HH0UIK8oJxUfkjlDQN9RbMx+bEjP7+ggMiFRprSti032Oipxw=="
    },
    "package-version-git-tag": {
      "version": "3.0.0",
      "resolved": "https://registry.npmjs.org/package-version-git-tag/-/package-version-git-tag-3.0.0.tgz",
      "integrity": "sha512-wn45wmHnG6RsAzrmz894pw0LRKHRFUQAuszgE/xxOqvLLlPO+p2manJtesfJu5jbZVTp3L+Su2PtBiecshHm+w==",
      "dev": true,
      "requires": {
        "cac": "^6.5.8",
        "command-join": "^3.0.0",
        "cross-spawn": "^7.0.2"
      }
    },
    "path-key": {
      "version": "3.1.1",
      "resolved": "https://registry.npmjs.org/path-key/-/path-key-3.1.1.tgz",
      "integrity": "sha512-ojmeN0qd+y0jszEtoY48r0Peq5dwMEkIlCOu6Q5f41lfkswXuKtYrhgoTpLnyIcHm24Uhqx+5Tqm2InSwLhE6Q==",
      "dev": true
    },
    "prettier": {
      "version": "1.19.1",
      "resolved": "https://registry.npmjs.org/prettier/-/prettier-1.19.1.tgz",
      "integrity": "sha512-s7PoyDv/II1ObgQunCbB9PdLmUcBZcnWOcxDh7O0N/UwDEsHyqkW+Qh28jW+mVuCdx7gLB0BotYI1Y6uI9iyew=="
    },
    "shebang-command": {
      "version": "2.0.0",
      "resolved": "https://registry.npmjs.org/shebang-command/-/shebang-command-2.0.0.tgz",
      "integrity": "sha512-kHxr2zZpYtdmrN1qDjrrX/Z1rR1kG8Dx+gkpK1G4eXmvXswmcE1hTWBWYUzlraYw1/yZp6YuDY77YtvbN0dmDA==",
      "dev": true,
      "requires": {
        "shebang-regex": "^3.0.0"
      }
    },
    "shebang-regex": {
      "version": "3.0.0",
      "resolved": "https://registry.npmjs.org/shebang-regex/-/shebang-regex-3.0.0.tgz",
      "integrity": "sha512-7++dFhtcx3353uBaq8DDR4NuxBetBzC7ZQOhmTQInHEd6bSrXdiEyzCvG07Z44UYdLShWUyXt5M/yhz8ekcb1A==",
      "dev": true
    },
    "typescript": {
      "version": "3.7.5",
      "resolved": "https://registry.npmjs.org/typescript/-/typescript-3.7.5.tgz",
      "integrity": "sha512-/P5lkRXkWHNAbcJIiHPfRoKqyd7bsyCma1hZNUGfn20qm64T6ZBlrzprymeu918H+mB/0rIg2gGK/BXkhhYgBw==",
      "dev": true
    },
    "which": {
      "version": "2.0.2",
      "resolved": "https://registry.npmjs.org/which/-/which-2.0.2.tgz",
      "integrity": "sha512-BLI3Tl1TW3Pvl70l3yq3Y64i+awpwXqsGBYWkkqMtnbXgrMD+yj7rhW0kuEDxzJaYXGjEW5ogapKNMEKNMjibA==",
      "dev": true,
      "requires": {
        "isexe": "^2.0.0"
      }
    }
  }
}
